
Microsoft Visual Studio Solution File, Format Version 11.00
# Visual Studio 2010
Project("{FAE04EC0-301F-11D3-BF4B-00C04F79EFBC}") = "Assembly-CSharp-firstpass", "Assembly-CSharp-firstpass.csproj", "{2183df05-a716-1f1d-d044-732dcc27cdf3}"
EndProject
Project("{FAE04EC0-301F-11D3-BF4B-00C04F79EFBC}") = "Assembly-CSharp", "Assembly-CSharp.csproj", "{cf7a0419-36ed-efe0-995e-a12f17e6cdf3}"
EndProject
Project("{FAE04EC0-301F-11D3-BF4B-00C04F79EFBC}") = "Assembly-CSharp-Editor", "Assembly-CSharp-Editor.csproj", "{fcb8cc58-defe-7b85-db1f-399cd7fcc32a}"
EndProject
Global
	GlobalSection(SolutionConfigurationPlatforms) = preSolution
		Debug|Any CPU = Debug|Any CPU
	EndGlobalSection
	GlobalSection(ProjectConfigurationPlatforms) = postSolution
		{2183df05-a716-1f1d-d044-732dcc27cdf3}.Debug|Any CPU.ActiveCfg = Debug|Any CPU
		{2183df05-a716-1f1d-d044-732dcc27cdf3}.Debug|Any CPU.Build.0 = Debug|Any CPU
		{cf7a0419-36ed-efe0-995e-a12f17e6cdf3}.Debug|Any CPU.ActiveCfg = Debug|Any CPU
		{cf7a0419-36ed-efe0-995e-a12f17e6cdf3}.Debug|Any CPU.Build.0 = Debug|Any CPU
		{fcb8cc58-defe-7b85-db1f-399cd7fcc32a}.Debug|Any CPU.ActiveCfg = Debug|Any CPU
		{fcb8cc58-defe-7b85-db1f-399cd7fcc32a}.Debug|Any CPU.Build.0 = Debug|Any CPU
	EndGlobalSection
	GlobalSection(SolutionProperties) = preSolution
		HideSolutionNode = FALSE
	EndGlobalSection
EndGlobal
