
Microsoft Visual Studio Solution File, Format Version 12.00
# Visual Studio 15
Project("{FAE04EC0-301F-11D3-BF4B-00C04F79EFBC}") = "Assembly-CSharp-firstpass", "Assembly-CSharp-firstpass.csproj", "{05DF8321-16A7-1D1F-D044-732DCC27CDF3}"
EndProject
Project("{FAE04EC0-301F-11D3-BF4B-00C04F79EFBC}") = "Assembly-CSharp", "Assembly-CSharp.csproj", "{19047ACF-ED36-E0EF-995E-A12F17E6CDF3}"
EndProject
Project("{FAE04EC0-301F-11D3-BF4B-00C04F79EFBC}") = "Assembly-CSharp-Editor", "Assembly-CSharp-Editor.csproj", "{58CCB8FC-FEDE-857B-DB1F-399CD7FCC32A}"
EndProject
Global
	GlobalSection(SolutionConfigurationPlatforms) = preSolution
		Debug|Any CPU = Debug|Any CPU
		Release|Any CPU = Release|Any CPU
	EndGlobalSection
	GlobalSection(ProjectConfigurationPlatforms) = postSolution
		{05DF8321-16A7-1D1F-D044-732DCC27CDF3}.Debug|Any CPU.ActiveCfg = Debug|Any CPU
		{05DF8321-16A7-1D1F-D044-732DCC27CDF3}.Debug|Any CPU.Build.0 = Debug|Any CPU
		{05DF8321-16A7-1D1F-D044-732DCC27CDF3}.Release|Any CPU.ActiveCfg = Release|Any CPU
		{05DF8321-16A7-1D1F-D044-732DCC27CDF3}.Release|Any CPU.Build.0 = Release|Any CPU
		{19047ACF-ED36-E0EF-995E-A12F17E6CDF3}.Debug|Any CPU.ActiveCfg = Debug|Any CPU
		{19047ACF-ED36-E0EF-995E-A12F17E6CDF3}.Debug|Any CPU.Build.0 = Debug|Any CPU
		{19047ACF-ED36-E0EF-995E-A12F17E6CDF3}.Release|Any CPU.ActiveCfg = Release|Any CPU
		{19047ACF-ED36-E0EF-995E-A12F17E6CDF3}.Release|Any CPU.Build.0 = Release|Any CPU
		{58CCB8FC-FEDE-857B-DB1F-399CD7FCC32A}.Debug|Any CPU.ActiveCfg = Debug|Any CPU
		{58CCB8FC-FEDE-857B-DB1F-399CD7FCC32A}.Debug|Any CPU.Build.0 = Debug|Any CPU
		{58CCB8FC-FEDE-857B-DB1F-399CD7FCC32A}.Release|Any CPU.ActiveCfg = Release|Any CPU
		{58CCB8FC-FEDE-857B-DB1F-399CD7FCC32A}.Release|Any CPU.Build.0 = Release|Any CPU
	EndGlobalSection
	GlobalSection(SolutionProperties) = preSolution
		HideSolutionNode = FALSE
	EndGlobalSection
EndGlobal
